
Microsoft Visual Studio Solution File, Format Version 12.00
# Visual Studio Version 17
VisualStudioVersion = 17.13.35913.81 d17.13
MinimumVisualStudioVersion = 10.0.40219.1
Project("{FAE04EC0-301F-11D3-BF4B-00C04F79EFBC}") = "Projekt", "Projekt\Projekt.csproj", "{29602FF9-F4F4-49FA-AEEA-E7127AA4B76C}"
EndProject
Global
	GlobalSection(SolutionConfigurationPlatforms) = preSolution
		Debug|Any CPU = Debug|Any CPU
		Release|Any CPU = Release|Any CPU
	EndGlobalSection
	GlobalSection(ProjectConfigurationPlatforms) = postSolution
		{29602FF9-F4F4-49FA-AEEA-E7127AA4B76C}.Debug|Any CPU.ActiveCfg = Debug|Any CPU
		{29602FF9-F4F4-49FA-AEEA-E7127AA4B76C}.Debug|Any CPU.Build.0 = Debug|Any CPU
		{29602FF9-F4F4-49FA-AEEA-E7127AA4B76C}.Release|Any CPU.ActiveCfg = Release|Any CPU
		{29602FF9-F4F4-49FA-AEEA-E7127AA4B76C}.Release|Any CPU.Build.0 = Release|Any CPU
	EndGlobalSection
	GlobalSection(SolutionProperties) = preSolution
		HideSolutionNode = FALSE
	EndGlobalSection
	GlobalSection(ExtensibilityGlobals) = postSolution
		SolutionGuid = {E29AEC78-1D94-4B90-BE57-9C2B2991F17D}
	EndGlobalSection
EndGlobal
